
Microsoft Visual Studio Solution File, Format Version 12.00
# Visual Studio Version 16
VisualStudioVersion = 16.0.30804.86
MinimumVisualStudioVersion = 10.0.40219.1
Project("{FAE04EC0-301F-11D3-BF4B-00C04F79EFBC}") = "Udemy.SystemIO.DirectoryIslemleri", "Udemy.SystemIO.DirectoryIslemleri\Udemy.SystemIO.DirectoryIslemleri.csproj", "{3355C038-DFE9-431A-9CF2-7F46087B146A}"
EndProject
Project("{FAE04EC0-301F-11D3-BF4B-00C04F79EFBC}") = "Udemy.SystemIO.FileIslemleri", "Udemy.SystemIO.FileIslemleri\Udemy.SystemIO.FileIslemleri.csproj", "{FFBE143C-8EF8-4F08-86BD-68F79D1DC41E}"
EndProject
Project("{FAE04EC0-301F-11D3-BF4B-00C04F79EFBC}") = "SystemIOWINForm", "SystemIOWİNForm\SystemIOWINForm.csproj", "{B8CB3C5D-4B6E-4106-8BFB-205E7253A816}"
EndProject
Global
	GlobalSection(SolutionConfigurationPlatforms) = preSolution
		Debug|Any CPU = Debug|Any CPU
		Release|Any CPU = Release|Any CPU
	EndGlobalSection
	GlobalSection(ProjectConfigurationPlatforms) = postSolution
		{3355C038-DFE9-431A-9CF2-7F46087B146A}.Debug|Any CPU.ActiveCfg = Debug|Any CPU
		{3355C038-DFE9-431A-9CF2-7F46087B146A}.Debug|Any CPU.Build.0 = Debug|Any CPU
		{3355C038-DFE9-431A-9CF2-7F46087B146A}.Release|Any CPU.ActiveCfg = Release|Any CPU
		{3355C038-DFE9-431A-9CF2-7F46087B146A}.Release|Any CPU.Build.0 = Release|Any CPU
		{FFBE143C-8EF8-4F08-86BD-68F79D1DC41E}.Debug|Any CPU.ActiveCfg = Debug|Any CPU
		{FFBE143C-8EF8-4F08-86BD-68F79D1DC41E}.Debug|Any CPU.Build.0 = Debug|Any CPU
		{FFBE143C-8EF8-4F08-86BD-68F79D1DC41E}.Release|Any CPU.ActiveCfg = Release|Any CPU
		{FFBE143C-8EF8-4F08-86BD-68F79D1DC41E}.Release|Any CPU.Build.0 = Release|Any CPU
		{B8CB3C5D-4B6E-4106-8BFB-205E7253A816}.Debug|Any CPU.ActiveCfg = Debug|Any CPU
		{B8CB3C5D-4B6E-4106-8BFB-205E7253A816}.Debug|Any CPU.Build.0 = Debug|Any CPU
		{B8CB3C5D-4B6E-4106-8BFB-205E7253A816}.Release|Any CPU.ActiveCfg = Release|Any CPU
		{B8CB3C5D-4B6E-4106-8BFB-205E7253A816}.Release|Any CPU.Build.0 = Release|Any CPU
	EndGlobalSection
	GlobalSection(SolutionProperties) = preSolution
		HideSolutionNode = FALSE
	EndGlobalSection
	GlobalSection(ExtensibilityGlobals) = postSolution
		SolutionGuid = {F84359DB-873E-45F7-9A00-9053D6523356}
	EndGlobalSection
EndGlobal
